// !$*UTF8*$!
{
	archiveVersion = 1;
	classes = {
	};
	objectVersion = 50;
	objects = {

/* Begin PBXBuildFile section */
		1B903B7A2508CD7600CD74FF /* AppDelegate.swift in Sources */ = {isa = PBXBuildFile; fileRef = 1B903B792508CD7600CD74FF /* AppDelegate.swift */; };
		1B903B7C2508CD7600CD74FF /* SceneDelegate.swift in Sources */ = {isa = PBXBuildFile; fileRef = 1B903B7B2508CD7600CD74FF /* SceneDelegate.swift */; };
		1B903B7E2508CD7600CD74FF /* ViewController.swift in Sources */ = {isa = PBXBuildFile; fileRef = 1B903B7D2508CD7600CD74FF /* ViewController.swift */; };
		1B903B812508CD7600CD74FF /* Main.storyboard in Resources */ = {isa = PBXBuildFile; fileRef = 1B903B7F2508CD7600CD74FF /* Main.storyboard */; };
		1B903B832508CD7900CD74FF /* Assets.xcassets in Resources */ = {isa = PBXBuildFile; fileRef = 1B903B822508CD7900CD74FF /* Assets.xcassets */; };
		1B903B862508CD7900CD74FF /* LaunchScreen.storyboard in Resources */ = {isa = PBXBuildFile; fileRef = 1B903B842508CD7900CD74FF /* LaunchScreen.storyboard */; };
/* End PBXBuildFile section */

/* Begin PBXFileReference section */
		1B903B762508CD7600CD74FF /* TableViewCustomCell.app */ = {isa = PBXFileReference; explicitFileType = wrapper.application; includeInIndex = 0; path = TableViewCustomCell.app; sourceTree = BUILT_PRODUCTS_DIR; };
		1B903B792508CD7600CD74FF /* AppDelegate.swift */ = {isa = PBXFileReference; lastKnownFileType = sourcecode.swift; path = AppDelegate.swift; sourceTree = "<group>"; };
		1B903B7B2508CD7600CD74FF /* SceneDelegate.swift */ = {isa = PBXFileReference; lastKnownFileType = sourcecode.swift; path = SceneDelegate.swift; sourceTree = "<group>"; };
		1B903B7D2508CD7600CD74FF /* ViewController.swift */ = {isa = PBXFileReference; lastKnownFileType = sourcecode.swift; path = ViewController.swift; sourceTree = "<group>"; };
		1B903B802508CD7600CD74FF /* Base */ = {isa = PBXFileReference; lastKnownFileType = file.storyboard; name = Base; path = Base.lproj/Main.storyboard; sourceTree = "<group>"; };
		1B903B822508CD7900CD74FF /* Assets.xcassets */ = {isa = PBXFileReference; lastKnownFileType = folder.assetcatalog; path = Assets.xcassets; sourceTree = "<group>"; };
		1B903B852508CD7900CD74FF /* Base */ = {isa = PBXFileReference; lastKnownFileType = file.storyboard; name = Base; path = Base.lproj/LaunchScreen.storyboard; sourceTree = "<group>"; };
		1B903B872508CD7900CD74FF /* Info.plist */ = {isa = PBXFileReference; lastKnownFileType = text.plist.xml; path = Info.plist; sourceTree = "<group>"; };
/* End PBXFileReference section */

/* Begin PBXFrameworksBuildPhase section */
		1B903B732508CD7600CD74FF /* Frameworks */ = {
			isa = PBXFrameworksBuildPhase;
			buildActionMask = 2147483647;
			files = (
			);
			runOnlyForDeploymentPostprocessing = 0;
		};
/* End PBXFrameworksBuildPhase section */

/* Begin PBXGroup section */
		1B903B6D2508CD7600CD74FF = {
			isa = PBXGroup;
			children = (
				1B903B782508CD7600CD74FF /* TableViewCustomCell */,
				1B903B772508CD7600CD74FF /* Products */,
			);
			sourceTree = "<group>";
		};
		1B903B772508CD7600CD74FF /* Products */ = {
			isa = PBXGroup;
			children = (
				1B903B762508CD7600CD74FF /* TableViewCustomCell.app */,
			);
			name = Products;
			sourceTree = "<group>";
		};
		1B903B782508CD7600CD74FF /* TableViewCustomCell */ = {
			isa = PBXGroup;
			children = (
				1B903B792508CD7600CD74FF /* AppDelegate.swift */,
				1B903B7B2508CD7600CD74FF /* SceneDelegate.swift */,
				1B903B7D2508CD7600CD74FF /* ViewController.swift */,
				1B903B7F2508CD7600CD74FF /* Main.storyboard */,
				1B903B822508CD7900CD74FF /* Assets.xcassets */,
				1B903B842508CD7900CD74FF /* LaunchScreen.storyboard */,
				1B903B872508CD7900CD74FF /* Info.plist */,
			);
			path = TableViewCustomCell;
			sourceTree = "<group>";
		};
/* End PBXGroup section */

/* Begin PBXNativeTarget section */
		1B903B752508CD7600CD74FF /* TableViewCustomCell */ = {
			isa = PBXNativeTarget;
			buildConfigurationList = 1B903B8A2508CD7900CD74FF /* Build configuration list for PBXNativeTarget "TableViewCustomCell" */;
			buildPhases = (
				1B903B722508CD7600CD74FF /* Sources */,
				1B903B732508CD7600CD74FF /* Frameworks */,
				1B903B742508CD7600CD74FF /* Resources */,
			);
			buildRules = (
			);
			dependencies = (
			);
			name = TableViewCustomCell;
			productName = TableViewCustomCell;
			productReference = 1B903B762508CD7600CD74FF /* TableViewCustomCell.app */;
			productType = "com.apple.product-type.application";
		};
/* End PBXNativeTarget section */

/* Begin PBXProject section */
		1B903B6E2508CD7600CD74FF /* Project object */ = {
			isa = PBXProject;
			attributes = {
				LastSwiftUpdateCheck = 1170;
				LastUpgradeCheck = 1170;
				ORGANIZATIONNAME = Codingate;
				TargetAttributes = {
					1B903B752508CD7600CD74FF = {
						CreatedOnToolsVersion = 11.7;
					};
				};
			};
			buildConfigurationList = 1B903B712508CD7600CD74FF /* Build configuration list for PBXProject "TableViewCustomCell" */;
			compatibilityVersion = "Xcode 9.3";
			developmentRegion = en;
			hasScannedForEncodings = 0;
			knownRegions = (
				en,
				Base,
			);
			mainGroup = 1B903B6D2508CD7600CD74FF;
			productRefGroup = 1B903B772508CD7600CD74FF /* Products */;
			projectDirPath = "";
			projectRoot = "";
			targets = (
				1B903B752508CD7600CD74FF /* TableViewCustomCell */,
			);
		};
/* End PBXProject section */

/* Begin PBXResourcesBuildPhase section */
		1B903B742508CD7600CD74FF /* Resources */ = {
			isa = PBXResourcesBuildPhase;
			buildActionMask = 2147483647;
			files = (
				1B903B862508CD7900CD74FF /* LaunchScreen.storyboard in Resources */,
				1B903B832508CD7900CD74FF /* Assets.xcassets in Resources */,
				1B903B812508CD7600CD74FF /* Main.storyboard in Resources */,
			);
			runOnlyForDeploymentPostprocessing = 0;
		};
/* End PBXResourcesBuildPhase section */

/* Begin PBXSourcesBuildPhase section */
		1B903B722508CD7600CD74FF /* Sources */ = {
			isa = PBXSourcesBuildPhase;
			buildActionMask = 2147483647;
			files = (
				1B903B7E2508CD7600CD74FF /* ViewController.swift in Sources */,
				1B903B7A2508CD7600CD74FF /* AppDelegate.swift in Sources */,
				1B903B7C2508CD7600CD74FF /* SceneDelegate.swift in Sources */,
			);
			runOnlyForDeploymentPostprocessing = 0;
		};
/* End PBXSourcesBuildPhase section */

/* Begin PBXVariantGroup section */
		1B903B7F2508CD7600CD74FF /* Main.storyboard */ = {
			isa = PBXVariantGroup;
			children = (
				1B903B802508CD7600CD74FF /* Base */,
			);
			name = Main.storyboard;
			sourceTree = "<group>";
		};
		1B903B842508CD7900CD74FF /* LaunchScreen.storyboard */ = {
			isa = PBXVariantGroup;
			children = (
				1B903B852508CD7900CD74FF /* Base */,
			);
			name = LaunchScreen.storyboard;
			sourceTree = "<group>";
		};
/* End PBXVariantGroup section */

/* Begin XCBuildConfiguration section */
		1B903B882508CD7900CD74FF /* Debug */ = {
			isa = XCBuildConfiguration;
			buildSettings = {
				ALWAYS_SEARCH_USER_PATHS = NO;
				CLANG_ANALYZER_NONNULL = YES;
				CLANG_ANALYZER_NUMBER_OBJECT_CONVERSION = YES_AGGRESSIVE;
				CLANG_CXX_LANGUAGE_STANDARD = "gnu++14";
				CLANG_CXX_LIBRARY = "libc++";
				CLANG_ENABLE_MODULES = YES;
				CLANG_ENABLE_OBJC_ARC = YES;
				CLANG_ENABLE_OBJC_WEAK = YES;
				CLANG_WARN_BLOCK_CAPTURE_AUTORELEASING = YES;
				CLANG_WARN_BOOL_CONVERSION = YES;
				CLANG_WARN_COMMA = YES;
				CLANG_WARN_CONSTANT_CONVERSION = YES;
				CLANG_WARN_DEPRECATED_OBJC_IMPLEMENTATIONS = YES;
				CLANG_WARN_DIRECT_OBJC_ISA_USAGE = YES_ERROR;
				CLANG_WARN_DOCUMENTATION_COMMENTS = YES;
				CLANG_WARN_EMPTY_BODY = YES;
				CLANG_WARN_ENUM_CONVERSION = YES;
				CLANG_WARN_INFINITE_RECURSION = YES;
				CLANG_WARN_INT_CONVERSION = YES;
				CLANG_WARN_NON_LITERAL_NULL_CONVERSION = YES;
				CLANG_WARN_OBJC_IMPLICIT_RETAIN_SELF = YES;
				CLANG_WARN_OBJC_LITERAL_CONVERSION = YES;
				CLANG_WARN_OBJC_ROOT_CLASS = YES_ERROR;
				CLANG_WARN_RANGE_LOOP_ANALYSIS = YES;
				CLANG_WARN_STRICT_PROTOTYPES = YES;
				CLANG_WARN_SUSPICIOUS_MOVE = YES;
				CLANG_WARN_UNGUARDED_AVAILABILITY = YES_AGGRESSIVE;
				CLANG_WARN_UNREACHABLE_CODE = YES;
				CLANG_WARN__DUPLICATE_METHOD_MATCH = YES;
				COPY_PHASE_STRIP = NO;
				DEBUG_INFORMATION_FORMAT = dwarf;
				ENABLE_STRICT_OBJC_MSGSEND = YES;
				ENABLE_TESTABILITY = YES;
				GCC_C_LANGUAGE_STANDARD = gnu11;
				GCC_DYNAMIC_NO_PIC = NO;
				GCC_NO_COMMON_BLOCKS = YES;
				GCC_OPTIMIZATION_LEVEL = 0;
				GCC_PREPROCESSOR_DEFINITIONS = (
					"DEBUG=1",
					"$(inherited)",
				);
				GCC_WARN_64_TO_32_BIT_CONVERSION = YES;
				GCC_WARN_ABOUT_RETURN_TYPE = YES_ERROR;
				GCC_WARN_UNDECLARED_SELECTOR = YES;
				GCC_WARN_UNINITIALIZED_AUTOS = YES_AGGRESSIVE;
				GCC_WARN_UNUSED_FUNCTION = YES;
				GCC_WARN_UNUSED_VARIABLE = YES;
				IPHONEOS_DEPLOYMENT_TARGET = 13.7;
				MTL_ENABLE_DEBUG_INFO = INCLUDE_SOURCE;
				MTL_FAST_MATH = YES;
				ONLY_ACTIVE_ARCH = YES;
				SDKROOT = iphoneos;
				SWIFT_ACTIVE_COMPILATION_CONDITIONS = DEBUG;
				SWIFT_OPTIMIZATION_LEVEL = "-Onone";
			};
			name = Debug;
		};
		1B903B892508CD7900CD74FF /* Release */ = {
			isa = XCBuildConfiguration;
			buildSettings = {
				ALWAYS_SEARCH_USER_PATHS = NO;
				CLANG_ANALYZER_NONNULL = YES;
				CLANG_ANALYZER_NUMBER_OBJECT_CONVERSION = YES_AGGRESSIVE;
				CLANG_CXX_LANGUAGE_STANDARD = "gnu++14";
				CLANG_CXX_LIBRARY = "libc++";
				CLANG_ENABLE_MODULES = YES;
				CLANG_ENABLE_OBJC_ARC = YES;
				CLANG_ENABLE_OBJC_WEAK = YES;
				CLANG_WARN_BLOCK_CAPTURE_AUTORELEASING = YES;
				CLANG_WARN_BOOL_CONVERSION = YES;
				CLANG_WARN_COMMA = YES;
				CLANG_WARN_CONSTANT_CONVERSION = YES;
				CLANG_WARN_DEPRECATED_OBJC_IMPLEMENTATIONS = YES;
				CLANG_WARN_DIRECT_OBJC_ISA_USAGE = YES_ERROR;
				CLANG_WARN_DOCUMENTATION_COMMENTS = YES;
				CLANG_WARN_EMPTY_BODY = YES;
				CLANG_WARN_ENUM_CONVERSION = YES;
				CLANG_WARN_INFINITE_RECURSION = YES;
				CLANG_WARN_INT_CONVERSION = YES;
				CLANG_WARN_NON_LITERAL_NULL_CONVERSION = YES;
				CLANG_WARN_OBJC_IMPLICIT_RETAIN_SELF = YES;
				CLANG_WARN_OBJC_LITERAL_CONVERSION = YES;
				CLANG_WARN_OBJC_ROOT_CLASS = YES_ERROR;
				CLANG_WARN_RANGE_LOOP_ANALYSIS = YES;
				CLANG_WARN_STRICT_PROTOTYPES = YES;
				CLANG_WARN_SUSPICIOUS_MOVE = YES;
				CLANG_WARN_UNGUARDED_AVAILABILITY = YES_AGGRESSIVE;
				CLANG_WARN_UNREACHABLE_CODE = YES;
				CLANG_WARN__DUPLICATE_METHOD_MATCH = YES;
				COPY_PHASE_STRIP = NO;
				DEBUG_INFORMATION_FORMAT = "dwarf-with-dsym";
				ENABLE_NS_ASSERTIONS = NO;
				ENABLE_STRICT_OBJC_MSGSEND = YES;
				GCC_C_LANGUAGE_STANDARD = gnu11;
				GCC_NO_COMMON_BLOCKS = YES;
				GCC_WARN_64_TO_32_BIT_CONVERSION = YES;
				GCC_WARN_ABOUT_RETURN_TYPE = YES_ERROR;
				GCC_WARN_UNDECLARED_SELECTOR = YES;
				GCC_WARN_UNINITIALIZED_AUTOS = YES_AGGRESSIVE;
				GCC_WARN_UNUSED_FUNCTION = YES;
				GCC_WARN_UNUSED_VARIABLE = YES;
				IPHONEOS_DEPLOYMENT_TARGET = 13.7;
				MTL_ENABLE_DEBUG_INFO = NO;
				MTL_FAST_MATH = YES;
				SDKROOT = iphoneos;
				SWIFT_COMPILATION_MODE = wholemodule;
				SWIFT_OPTIMIZATION_LEVEL = "-O";
				VALIDATE_PRODUCT = YES;
			};
			name = Release;
		};
		1B903B8B2508CD7900CD74FF /* Debug */ = {
			isa = XCBuildConfiguration;
			buildSettings = {
				ASSETCATALOG_COMPILER_APPICON_NAME = AppIcon;
				CODE_SIGN_STYLE = Automatic;
				INFOPLIST_FILE = TableViewCustomCell/Info.plist;
				LD_RUNPATH_SEARCH_PATHS = (
					"$(inherited)",
					"@executable_path/Frameworks",
				);
				PRODUCT_BUNDLE_IDENTIFIER = com.codingate.iosTraining.TableViewCustomCell;
				PRODUCT_NAME = "$(TARGET_NAME)";
				SWIFT_VERSION = 5.0;
				TARGETED_DEVICE_FAMILY = "1,2";
			};
			name = Debug;
		};
		1B903B8C2508CD7900CD74FF /* Release */ = {
			isa = XCBuildConfiguration;
			buildSettings = {
				ASSETCATALOG_COMPILER_APPICON_NAME = AppIcon;
				CODE_SIGN_STYLE = Automatic;
				INFOPLIST_FILE = TableViewCustomCell/Info.plist;
				LD_RUNPATH_SEARCH_PATHS = (
					"$(inherited)",
					"@executable_path/Frameworks",
				);
				PRODUCT_BUNDLE_IDENTIFIER = com.codingate.iosTraining.TableViewCustomCell;
				PRODUCT_NAME = "$(TARGET_NAME)";
				SWIFT_VERSION = 5.0;
				TARGETED_DEVICE_FAMILY = "1,2";
			};
			name = Release;
		};
/* End XCBuildConfiguration section */

/* Begin XCConfigurationList section */
		1B903B712508CD7600CD74FF /* Build configuration list for PBXProject "TableViewCustomCell" */ = {
			isa = XCConfigurationList;
			buildConfigurations = (
				1B903B882508CD7900CD74FF /* Debug */,
				1B903B892508CD7900CD74FF /* Release */,
			);
			defaultConfigurationIsVisible = 0;
			defaultConfigurationName = Release;
		};
		1B903B8A2508CD7900CD74FF /* Build configuration list for PBXNativeTarget "TableViewCustomCell" */ = {
			isa = XCConfigurationList;
			buildConfigurations = (
				1B903B8B2508CD7900CD74FF /* Debug */,
				1B903B8C2508CD7900CD74FF /* Release */,
			);
			defaultConfigurationIsVisible = 0;
			defaultConfigurationName = Release;
		};
/* End XCConfigurationList section */
	};
	rootObject = 1B903B6E2508CD7600CD74FF /* Project object */;
}
